
Microsoft Visual Studio Solution File, Format Version 12.00
# Visual Studio 2012
Project("{FAE04EC0-301F-11D3-BF4B-00C04F79EFBC}") = "CredentialProviderTest", "CredentialProviderTest\CredentialProviderTest.csproj", "{2AF78E44-78AF-464B-8850-C1E01F8DB2CD}"
EndProject
Global
	GlobalSection(SolutionConfigurationPlatforms) = preSolution
		Debug|Any CPU = Debug|Any CPU
		Release|Any CPU = Release|Any CPU
	EndGlobalSection
	GlobalSection(ProjectConfigurationPlatforms) = postSolution
		{2AF78E44-78AF-464B-8850-C1E01F8DB2CD}.Debug|Any CPU.ActiveCfg = Debug|Any CPU
		{2AF78E44-78AF-464B-8850-C1E01F8DB2CD}.Debug|Any CPU.Build.0 = Debug|Any CPU
		{2AF78E44-78AF-464B-8850-C1E01F8DB2CD}.Release|Any CPU.ActiveCfg = Release|Any CPU
		{2AF78E44-78AF-464B-8850-C1E01F8DB2CD}.Release|Any CPU.Build.0 = Release|Any CPU
	EndGlobalSection
	GlobalSection(MonoDevelopProperties) = preSolution
		StartupItem = CredentialProviderTest\CredentialProviderTest.csproj
	EndGlobalSection
EndGlobal
